PODS:
  - SwiftFP/Main (1.0.0)

DEPENDENCIES:
  - SwiftFP/Main (from `https://github.com/protoman92/SwiftFP.git`)

EXTERNAL SOURCES:
  SwiftFP:
    :git: https://github.com/protoman92/SwiftFP.git

CHECKOUT OPTIONS:
  SwiftFP:
    :commit: 9eccc4ed2f1e8f367eefb222ceaf5bf66be91665
    :git: https://github.com/protoman92/SwiftFP.git

SPEC CHECKSUMS:
  SwiftFP: 7ce3b2b2fb3c85d6195fd50cb1d873dcf82ae50e

PODFILE CHECKSUM: e278c04a01f5a6af290d8a83820317242307aa04

COCOAPODS: 1.4.0
