PODS:
  - SwiftFP/Main (1.0.1)

DEPENDENCIES:
  - SwiftFP/Main (from `https://github.com/protoman92/SwiftFP.git`)

EXTERNAL SOURCES:
  SwiftFP:
    :git: https://github.com/protoman92/SwiftFP.git

CHECKOUT OPTIONS:
  SwiftFP:
    :commit: eb32feb8cfb44c2d69431ec4cae455daf73339a7
    :git: https://github.com/protoman92/SwiftFP.git

SPEC CHECKSUMS:
  SwiftFP: 25277c3c13de8b45771702a77443cd1d3c2761b2

PODFILE CHECKSUM: e278c04a01f5a6af290d8a83820317242307aa04

COCOAPODS: 1.4.0
